// !$*UTF8*$!
{
	archiveVersion = 1;
	classes = {
	};
	objectVersion = 52;
	objects = {

/* Begin PBXBuildFile section */
		D516F8362417FF3800992463 /* OpenMarvelTests.swift in Sources */ = {isa = PBXBuildFile; fileRef = D516F8352417FF3800992463 /* OpenMarvelTests.swift */; };
		D516F8412417FF3800992463 /* OpenMarvelUITests.swift in Sources */ = {isa = PBXBuildFile; fileRef = D516F8402417FF3800992463 /* OpenMarvelUITests.swift */; };
		D516F8662418005D00992463 /* libDomain.a in Frameworks */ = {isa = PBXBuildFile; fileRef = D516F85D2417FFEF00992463 /* libDomain.a */; };
		D516F86A241800A700992463 /* libDomain.a in Frameworks */ = {isa = PBXBuildFile; fileRef = D516F85D2417FFEF00992463 /* libDomain.a */; };
		D516F873241805D800992463 /* Moya in Frameworks */ = {isa = PBXBuildFile; productRef = D516F872241805D800992463 /* Moya */; };
		D516F884241811F100992463 /* character.json in Resources */ = {isa = PBXBuildFile; fileRef = D516F882241811F000992463 /* character.json */; };
		D516F8A32418249400992463 /* AppDelegate.swift in Sources */ = {isa = PBXBuildFile; fileRef = D516F89C2418249400992463 /* AppDelegate.swift */; };
		D516F8A52418249400992463 /* SceneDelegate.swift in Sources */ = {isa = PBXBuildFile; fileRef = D516F89E2418249400992463 /* SceneDelegate.swift */; };
		D516F8A62418249400992463 /* CharacterViewController.swift in Sources */ = {isa = PBXBuildFile; fileRef = D516F8A12418249400992463 /* CharacterViewController.swift */; };
		D516F8A72418249400992463 /* CharactersViewController.swift in Sources */ = {isa = PBXBuildFile; fileRef = D516F8A22418249400992463 /* CharactersViewController.swift */; };
		D516F8B1241824A300992463 /* Service.swift in Sources */ = {isa = PBXBuildFile; fileRef = D516F8A9241824A300992463 /* Service.swift */; };
		D516F8B2241824A300992463 /* CharactersService.swift in Sources */ = {isa = PBXBuildFile; fileRef = D516F8AA241824A300992463 /* CharactersService.swift */; };
		D516F8B3241824A300992463 /* CharactersProvider.swift in Sources */ = {isa = PBXBuildFile; fileRef = D516F8AC241824A300992463 /* CharactersProvider.swift */; };
		D516F8B4241824A300992463 /* Entity.swift in Sources */ = {isa = PBXBuildFile; fileRef = D516F8AE241824A300992463 /* Entity.swift */; };
		D516F8B5241824A300992463 /* CharacterEntity.swift in Sources */ = {isa = PBXBuildFile; fileRef = D516F8AF241824A300992463 /* CharacterEntity.swift */; };
		D516F8B6241824A300992463 /* DomainTransformable.swift in Sources */ = {isa = PBXBuildFile; fileRef = D516F8B0241824A300992463 /* DomainTransformable.swift */; };
		D516F8BE241824AE00992463 /* CharactersUseCase.swift in Sources */ = {isa = PBXBuildFile; fileRef = D516F8B8241824AE00992463 /* CharactersUseCase.swift */; };
		D516F8BF241824AE00992463 /* Order.swift in Sources */ = {isa = PBXBuildFile; fileRef = D516F8BA241824AE00992463 /* Order.swift */; };
		D516F8C0241824AE00992463 /* Character.swift in Sources */ = {isa = PBXBuildFile; fileRef = D516F8BB241824AE00992463 /* Character.swift */; };
		D516F8C1241824AE00992463 /* CharactersProviderContract.swift in Sources */ = {isa = PBXBuildFile; fileRef = D516F8BD241824AE00992463 /* CharactersProviderContract.swift */; };
		D516F8C924182CBE00992463 /* DataTests.swift in Sources */ = {isa = PBXBuildFile; fileRef = D516F8C824182CBE00992463 /* DataTests.swift */; };
		D516F8CB24182CBE00992463 /* libData.a in Frameworks */ = {isa = PBXBuildFile; fileRef = D516F8522417FFDC00992463 /* libData.a */; };
		D516F8D824182CD400992463 /* DomainTests.swift in Sources */ = {isa = PBXBuildFile; fileRef = D516F8D724182CD400992463 /* DomainTests.swift */; };
		D516F8DA24182CD400992463 /* libDomain.a in Frameworks */ = {isa = PBXBuildFile; fileRef = D516F85D2417FFEF00992463 /* libDomain.a */; };
		D516F8E72418CBCB00992463 /* Injector.swift in Sources */ = {isa = PBXBuildFile; fileRef = D516F8E62418CBCB00992463 /* Injector.swift */; };
		D516F8EF2418CBD900992463 /* libData.a in Frameworks */ = {isa = PBXBuildFile; fileRef = D516F8522417FFDC00992463 /* libData.a */; };
		D516F8F02418CBD900992463 /* libDomain.a in Frameworks */ = {isa = PBXBuildFile; fileRef = D516F85D2417FFEF00992463 /* libDomain.a */; };
		D516F8F32418CBE700992463 /* libInjector.a in Frameworks */ = {isa = PBXBuildFile; fileRef = D516F8E42418CBCB00992463 /* libInjector.a */; };
		D516F8F52418CCE300992463 /* CharactersPresenter.swift in Sources */ = {isa = PBXBuildFile; fileRef = D516F8F42418CCE300992463 /* CharactersPresenter.swift */; };
		D516F8F72418CCF500992463 /* CharacterPresenter.swift in Sources */ = {isa = PBXBuildFile; fileRef = D516F8F62418CCF500992463 /* CharacterPresenter.swift */; };
		D516F8F92418CF2700992463 /* ViewModel.swift in Sources */ = {isa = PBXBuildFile; fileRef = D516F8F82418CF2700992463 /* ViewModel.swift */; };
		D516F8FB2418D2D200992463 /* Presenter.swift in Sources */ = {isa = PBXBuildFile; fileRef = D516F8FA2418D2D200992463 /* Presenter.swift */; };
		D516F8FD2418D4AD00992463 /* CharactersView.swift in Sources */ = {isa = PBXBuildFile; fileRef = D516F8FC2418D4AD00992463 /* CharactersView.swift */; };
		D516F8FF2418D51000992463 /* CharacterView.swift in Sources */ = {isa = PBXBuildFile; fileRef = D516F8FE2418D51000992463 /* CharacterView.swift */; };
		D51AD9EF241908120069EC07 /* ErrorEntity.swift in Sources */ = {isa = PBXBuildFile; fileRef = D51AD9EE241908120069EC07 /* ErrorEntity.swift */; };
		D51AD9F22419218B0069EC07 /* CharacterCell.swift in Sources */ = {isa = PBXBuildFile; fileRef = D51AD9F02419218B0069EC07 /* CharacterCell.swift */; };
		D51AD9F6241935BF0069EC07 /* Kingfisher in Frameworks */ = {isa = PBXBuildFile; productRef = D51AD9F5241935BF0069EC07 /* Kingfisher */; };
		D52869532418E6F5009DEAA5 /* ViewController.swift in Sources */ = {isa = PBXBuildFile; fileRef = D52869522418E6F5009DEAA5 /* ViewController.swift */; };
		D528695A2418E8DA009DEAA5 /* Assets.xcassets in Resources */ = {isa = PBXBuildFile; fileRef = D52869552418E8DA009DEAA5 /* Assets.xcassets */; };
		D528695B2418E8DA009DEAA5 /* LaunchScreen.storyboard in Resources */ = {isa = PBXBuildFile; fileRef = D52869562418E8DA009DEAA5 /* LaunchScreen.storyboard */; };
		D528695C2418E8DA009DEAA5 /* Main.storyboard in Resources */ = {isa = PBXBuildFile; fileRef = D52869582418E8DA009DEAA5 /* Main.storyboard */; };
		D528695E2418EA4B009DEAA5 /* ResponseEntity.swift in Sources */ = {isa = PBXBuildFile; fileRef = D528695D2418EA4B009DEAA5 /* ResponseEntity.swift */; };
		D52869602418EAC6009DEAA5 /* DataEntity.swift in Sources */ = {isa = PBXBuildFile; fileRef = D528695F2418EAC6009DEAA5 /* DataEntity.swift */; };
		D52869622418F0D9009DEAA5 /* AuthenticationEntity.swift in Sources */ = {isa = PBXBuildFile; fileRef = D52869612418F0D9009DEAA5 /* AuthenticationEntity.swift */; };
		D52869642418FA5E009DEAA5 /* ThumbnailEntity.swift in Sources */ = {isa = PBXBuildFile; fileRef = D52869632418FA5E009DEAA5 /* ThumbnailEntity.swift */; };
		D52869662418FB37009DEAA5 /* URLEntity.swift in Sources */ = {isa = PBXBuildFile; fileRef = D52869652418FB37009DEAA5 /* URLEntity.swift */; };
/* End PBXBuildFile section */

/* Begin PBXContainerItemProxy section */
		D516F8322417FF3800992463 /* PBXContainerItemProxy */ = {
			isa = PBXContainerItemProxy;
			containerPortal = D516F80E2417FF3500992463 /* Project object */;
			proxyType = 1;
			remoteGlobalIDString = D516F8152417FF3500992463;
			remoteInfo = OpenMarvel;
		};
		D516F83D2417FF3800992463 /* PBXContainerItemProxy */ = {
			isa = PBXContainerItemProxy;
			containerPortal = D516F80E2417FF3500992463 /* Project object */;
			proxyType = 1;
			remoteGlobalIDString = D516F8152417FF3500992463;
			remoteInfo = OpenMarvel;
		};
		D516F8672418006200992463 /* PBXContainerItemProxy */ = {
			isa = PBXContainerItemProxy;
			containerPortal = D516F80E2417FF3500992463 /* Project object */;
			proxyType = 1;
			remoteGlobalIDString = D516F85C2417FFEF00992463;
			remoteInfo = Domain;
		};
		D516F86B241800A700992463 /* PBXContainerItemProxy */ = {
			isa = PBXContainerItemProxy;
			containerPortal = D516F80E2417FF3500992463 /* Project object */;
			proxyType = 1;
			remoteGlobalIDString = D516F85C2417FFEF00992463;
			remoteInfo = Domain;
		};
		D516F8862418121200992463 /* PBXContainerItemProxy */ = {
			isa = PBXContainerItemProxy;
			containerPortal = D516F80E2417FF3500992463 /* Project object */;
			proxyType = 1;
			remoteGlobalIDString = D516F87B241811D200992463;
			remoteInfo = Mock;
		};
		D516F8CC24182CBE00992463 /* PBXContainerItemProxy */ = {
			isa = PBXContainerItemProxy;
			containerPortal = D516F80E2417FF3500992463 /* Project object */;
			proxyType = 1;
			remoteGlobalIDString = D516F8512417FFDC00992463;
			remoteInfo = Data;
		};
		D516F8DB24182CD400992463 /* PBXContainerItemProxy */ = {
			isa = PBXContainerItemProxy;
			containerPortal = D516F80E2417FF3500992463 /* Project object */;
			proxyType = 1;
			remoteGlobalIDString = D516F85C2417FFEF00992463;
			remoteInfo = Domain;
		};
		D516F8EB2418CBD300992463 /* PBXContainerItemProxy */ = {
			isa = PBXContainerItemProxy;
			containerPortal = D516F80E2417FF3500992463 /* Project object */;
			proxyType = 1;
			remoteGlobalIDString = D516F8512417FFDC00992463;
			remoteInfo = Data;
		};
		D516F8ED2418CBD300992463 /* PBXContainerItemProxy */ = {
			isa = PBXContainerItemProxy;
			containerPortal = D516F80E2417FF3500992463 /* Project object */;
			proxyType = 1;
			remoteGlobalIDString = D516F85C2417FFEF00992463;
			remoteInfo = Domain;
		};
		D516F8F12418CBE300992463 /* PBXContainerItemProxy */ = {
			isa = PBXContainerItemProxy;
			containerPortal = D516F80E2417FF3500992463 /* Project object */;
			proxyType = 1;
			remoteGlobalIDString = D516F8E32418CBCB00992463;
			remoteInfo = Injector;
		};
/* End PBXContainerItemProxy section */

/* Begin PBXCopyFilesBuildPhase section */
		D516F8502417FFDC00992463 /* CopyFiles */ = {
			isa = PBXCopyFilesBuildPhase;
			buildActionMask = 2147483647;
			dstPath = "include/$(PRODUCT_NAME)";
			dstSubfolderSpec = 16;
			files = (
			);
			runOnlyForDeploymentPostprocessing = 0;
		};
		D516F85B2417FFEF00992463 /* CopyFiles */ = {
			isa = PBXCopyFilesBuildPhase;
			buildActionMask = 2147483647;
			dstPath = "include/$(PRODUCT_NAME)";
			dstSubfolderSpec = 16;
			files = (
			);
			runOnlyForDeploymentPostprocessing = 0;
		};
		D516F8E22418CBCB00992463 /* CopyFiles */ = {
			isa = PBXCopyFilesBuildPhase;
			buildActionMask = 2147483647;
			dstPath = "include/$(PRODUCT_NAME)";
			dstSubfolderSpec = 16;
			files = (
			);
			runOnlyForDeploymentPostprocessing = 0;
		};
/* End PBXCopyFilesBuildPhase section */

/* Begin PBXFileReference section */
		D516F8162417FF3500992463 /* OpenMarvel.app */ = {isa = PBXFileReference; explicitFileType = wrapper.application; includeInIndex = 0; path = OpenMarvel.app; sourceTree = BUILT_PRODUCTS_DIR; };
		D516F8312417FF3800992463 /* OpenMarvelTests.xctest */ = {isa = PBXFileReference; explicitFileType = wrapper.cfbundle; includeInIndex = 0; path = OpenMarvelTests.xctest; sourceTree = BUILT_PRODUCTS_DIR; };
		D516F8352417FF3800992463 /* OpenMarvelTests.swift */ = {isa = PBXFileReference; lastKnownFileType = sourcecode.swift; path = OpenMarvelTests.swift; sourceTree = "<group>"; };
		D516F8372417FF3800992463 /* Info.plist */ = {isa = PBXFileReference; lastKnownFileType = text.plist.xml; path = Info.plist; sourceTree = "<group>"; };
		D516F83C2417FF3800992463 /* OpenMarvelUITests.xctest */ = {isa = PBXFileReference; explicitFileType = wrapper.cfbundle; includeInIndex = 0; path = OpenMarvelUITests.xctest; sourceTree = BUILT_PRODUCTS_DIR; };
		D516F8402417FF3800992463 /* OpenMarvelUITests.swift */ = {isa = PBXFileReference; lastKnownFileType = sourcecode.swift; path = OpenMarvelUITests.swift; sourceTree = "<group>"; };
		D516F8422417FF3800992463 /* Info.plist */ = {isa = PBXFileReference; lastKnownFileType = text.plist.xml; path = Info.plist; sourceTree = "<group>"; };
		D516F8522417FFDC00992463 /* libData.a */ = {isa = PBXFileReference; explicitFileType = archive.ar; includeInIndex = 0; path = libData.a; sourceTree = BUILT_PRODUCTS_DIR; };
		D516F85D2417FFEF00992463 /* libDomain.a */ = {isa = PBXFileReference; explicitFileType = archive.ar; includeInIndex = 0; path = libDomain.a; sourceTree = BUILT_PRODUCTS_DIR; };
		D516F87C241811D200992463 /* Mock.bundle */ = {isa = PBXFileReference; explicitFileType = wrapper.cfbundle; includeInIndex = 0; path = Mock.bundle; sourceTree = BUILT_PRODUCTS_DIR; };
		D516F87E241811D200992463 /* Info.plist */ = {isa = PBXFileReference; lastKnownFileType = text.plist.xml; path = Info.plist; sourceTree = "<group>"; };
		D516F882241811F000992463 /* character.json */ = {isa = PBXFileReference; fileEncoding = 4; lastKnownFileType = text.json; path = character.json; sourceTree = "<group>"; };
		D516F89C2418249400992463 /* AppDelegate.swift */ = {isa = PBXFileReference; fileEncoding = 4; lastKnownFileType = sourcecode.swift; path = AppDelegate.swift; sourceTree = "<group>"; };
		D516F89D2418249400992463 /* Info.plist */ = {isa = PBXFileReference; fileEncoding = 4; lastKnownFileType = text.plist.xml; path = Info.plist; sourceTree = "<group>"; };
		D516F89E2418249400992463 /* SceneDelegate.swift */ = {isa = PBXFileReference; fileEncoding = 4; lastKnownFileType = sourcecode.swift; path = SceneDelegate.swift; sourceTree = "<group>"; };
		D516F8A12418249400992463 /* CharacterViewController.swift */ = {isa = PBXFileReference; fileEncoding = 4; lastKnownFileType = sourcecode.swift; path = CharacterViewController.swift; sourceTree = "<group>"; };
		D516F8A22418249400992463 /* CharactersViewController.swift */ = {isa = PBXFileReference; fileEncoding = 4; lastKnownFileType = sourcecode.swift; path = CharactersViewController.swift; sourceTree = "<group>"; };
		D516F8A9241824A300992463 /* Service.swift */ = {isa = PBXFileReference; fileEncoding = 4; lastKnownFileType = sourcecode.swift; path = Service.swift; sourceTree = "<group>"; };
		D516F8AA241824A300992463 /* CharactersService.swift */ = {isa = PBXFileReference; fileEncoding = 4; lastKnownFileType = sourcecode.swift; path = CharactersService.swift; sourceTree = "<group>"; };
		D516F8AC241824A300992463 /* CharactersProvider.swift */ = {isa = PBXFileReference; fileEncoding = 4; lastKnownFileType = sourcecode.swift; path = CharactersProvider.swift; sourceTree = "<group>"; };
		D516F8AE241824A300992463 /* Entity.swift */ = {isa = PBXFileReference; fileEncoding = 4; lastKnownFileType = sourcecode.swift; path = Entity.swift; sourceTree = "<group>"; };
		D516F8AF241824A300992463 /* CharacterEntity.swift */ = {isa = PBXFileReference; fileEncoding = 4; lastKnownFileType = sourcecode.swift; path = CharacterEntity.swift; sourceTree = "<group>"; };
		D516F8B0241824A300992463 /* DomainTransformable.swift */ = {isa = PBXFileReference; fileEncoding = 4; lastKnownFileType = sourcecode.swift; path = DomainTransformable.swift; sourceTree = "<group>"; };
		D516F8B8241824AE00992463 /* CharactersUseCase.swift */ = {isa = PBXFileReference; fileEncoding = 4; lastKnownFileType = sourcecode.swift; path = CharactersUseCase.swift; sourceTree = "<group>"; };
		D516F8BA241824AE00992463 /* Order.swift */ = {isa = PBXFileReference; fileEncoding = 4; lastKnownFileType = sourcecode.swift; path = Order.swift; sourceTree = "<group>"; };
		D516F8BB241824AE00992463 /* Character.swift */ = {isa = PBXFileReference; fileEncoding = 4; lastKnownFileType = sourcecode.swift; path = Character.swift; sourceTree = "<group>"; };
		D516F8BD241824AE00992463 /* CharactersProviderContract.swift */ = {isa = PBXFileReference; fileEncoding = 4; lastKnownFileType = sourcecode.swift; path = CharactersProviderContract.swift; sourceTree = "<group>"; };
		D516F8C624182CBE00992463 /* DataTests.xctest */ = {isa = PBXFileReference; explicitFileType = wrapper.cfbundle; includeInIndex = 0; path = DataTests.xctest; sourceTree = BUILT_PRODUCTS_DIR; };
		D516F8C824182CBE00992463 /* DataTests.swift */ = {isa = PBXFileReference; lastKnownFileType = sourcecode.swift; path = DataTests.swift; sourceTree = "<group>"; };
		D516F8CA24182CBE00992463 /* Info.plist */ = {isa = PBXFileReference; lastKnownFileType = text.plist.xml; path = Info.plist; sourceTree = "<group>"; };
		D516F8D524182CD400992463 /* DomainTests.xctest */ = {isa = PBXFileReference; explicitFileType = wrapper.cfbundle; includeInIndex = 0; path = DomainTests.xctest; sourceTree = BUILT_PRODUCTS_DIR; };
		D516F8D724182CD400992463 /* DomainTests.swift */ = {isa = PBXFileReference; lastKnownFileType = sourcecode.swift; path = DomainTests.swift; sourceTree = "<group>"; };
		D516F8D924182CD400992463 /* Info.plist */ = {isa = PBXFileReference; lastKnownFileType = text.plist.xml; path = Info.plist; sourceTree = "<group>"; };
		D516F8E42418CBCB00992463 /* libInjector.a */ = {isa = PBXFileReference; explicitFileType = archive.ar; includeInIndex = 0; path = libInjector.a; sourceTree = BUILT_PRODUCTS_DIR; };
		D516F8E62418CBCB00992463 /* Injector.swift */ = {isa = PBXFileReference; lastKnownFileType = sourcecode.swift; path = Injector.swift; sourceTree = "<group>"; };
		D516F8F42418CCE300992463 /* CharactersPresenter.swift */ = {isa = PBXFileReference; lastKnownFileType = sourcecode.swift; path = CharactersPresenter.swift; sourceTree = "<group>"; };
		D516F8F62418CCF500992463 /* CharacterPresenter.swift */ = {isa = PBXFileReference; lastKnownFileType = sourcecode.swift; path = CharacterPresenter.swift; sourceTree = "<group>"; };
		D516F8F82418CF2700992463 /* ViewModel.swift */ = {isa = PBXFileReference; lastKnownFileType = sourcecode.swift; path = ViewModel.swift; sourceTree = "<group>"; };
		D516F8FA2418D2D200992463 /* Presenter.swift */ = {isa = PBXFileReference; lastKnownFileType = sourcecode.swift; path = Presenter.swift; sourceTree = "<group>"; };
		D516F8FC2418D4AD00992463 /* CharactersView.swift */ = {isa = PBXFileReference; lastKnownFileType = sourcecode.swift; path = CharactersView.swift; sourceTree = "<group>"; };
		D516F8FE2418D51000992463 /* CharacterView.swift */ = {isa = PBXFileReference; lastKnownFileType = sourcecode.swift; path = CharacterView.swift; sourceTree = "<group>"; };
		D51AD9EE241908120069EC07 /* ErrorEntity.swift */ = {isa = PBXFileReference; lastKnownFileType = sourcecode.swift; path = ErrorEntity.swift; sourceTree = "<group>"; };
		D51AD9F02419218B0069EC07 /* CharacterCell.swift */ = {isa = PBXFileReference; lastKnownFileType = sourcecode.swift; path = CharacterCell.swift; sourceTree = "<group>"; };
		D52869522418E6F5009DEAA5 /* ViewController.swift */ = {isa = PBXFileReference; lastKnownFileType = sourcecode.swift; path = ViewController.swift; sourceTree = "<group>"; };
		D52869552418E8DA009DEAA5 /* Assets.xcassets */ = {isa = PBXFileReference; lastKnownFileType = folder.assetcatalog; path = Assets.xcassets; sourceTree = "<group>"; };
		D52869572418E8DA009DEAA5 /* Base */ = {isa = PBXFileReference; lastKnownFileType = file.storyboard; name = Base; path = Base.lproj/LaunchScreen.storyboard; sourceTree = "<group>"; };
		D52869592418E8DA009DEAA5 /* Base */ = {isa = PBXFileReference; lastKnownFileType = file.storyboard; name = Base; path = Base.lproj/Main.storyboard; sourceTree = "<group>"; };
		D528695D2418EA4B009DEAA5 /* ResponseEntity.swift */ = {isa = PBXFileReference; lastKnownFileType = sourcecode.swift; path = ResponseEntity.swift; sourceTree = "<group>"; };
		D528695F2418EAC6009DEAA5 /* DataEntity.swift */ = {isa = PBXFileReference; lastKnownFileType = sourcecode.swift; path = DataEntity.swift; sourceTree = "<group>"; };
		D52869612418F0D9009DEAA5 /* AuthenticationEntity.swift */ = {isa = PBXFileReference; lastKnownFileType = sourcecode.swift; path = AuthenticationEntity.swift; sourceTree = "<group>"; };
		D52869632418FA5E009DEAA5 /* ThumbnailEntity.swift */ = {isa = PBXFileReference; lastKnownFileType = sourcecode.swift; path = ThumbnailEntity.swift; sourceTree = "<group>"; };
		D52869652418FB37009DEAA5 /* URLEntity.swift */ = {isa = PBXFileReference; lastKnownFileType = sourcecode.swift; path = URLEntity.swift; sourceTree = "<group>"; };
/* End PBXFileReference section */

/* Begin PBXFrameworksBuildPhase section */
		D516F8132417FF3500992463 /* Frameworks */ = {
			isa = PBXFrameworksBuildPhase;
			buildActionMask = 2147483647;
			files = (
				D51AD9F6241935BF0069EC07 /* Kingfisher in Frameworks */,
				D516F8F32418CBE700992463 /* libInjector.a in Frameworks */,
				D516F86A241800A700992463 /* libDomain.a in Frameworks */,
			);
			runOnlyForDeploymentPostprocessing = 0;
		};
		D516F82E2417FF3800992463 /* Frameworks */ = {
			isa = PBXFrameworksBuildPhase;
			buildActionMask = 2147483647;
			files = (
			);
			runOnlyForDeploymentPostprocessing = 0;
		};
		D516F8392417FF3800992463 /* Frameworks */ = {
			isa = PBXFrameworksBuildPhase;
			buildActionMask = 2147483647;
			files = (
			);
			runOnlyForDeploymentPostprocessing = 0;
		};
		D516F84F2417FFDC00992463 /* Frameworks */ = {
			isa = PBXFrameworksBuildPhase;
			buildActionMask = 2147483647;
			files = (
				D516F873241805D800992463 /* Moya in Frameworks */,
				D516F8662418005D00992463 /* libDomain.a in Frameworks */,
			);
			runOnlyForDeploymentPostprocessing = 0;
		};
		D516F85A2417FFEF00992463 /* Frameworks */ = {
			isa = PBXFrameworksBuildPhase;
			buildActionMask = 2147483647;
			files = (
			);
			runOnlyForDeploymentPostprocessing = 0;
		};
		D516F879241811D200992463 /* Frameworks */ = {
			isa = PBXFrameworksBuildPhase;
			buildActionMask = 2147483647;
			files = (
			);
			runOnlyForDeploymentPostprocessing = 0;
		};
		D516F8C324182CBE00992463 /* Frameworks */ = {
			isa = PBXFrameworksBuildPhase;
			buildActionMask = 2147483647;
			files = (
				D516F8CB24182CBE00992463 /* libData.a in Frameworks */,
			);
			runOnlyForDeploymentPostprocessing = 0;
		};
		D516F8D224182CD400992463 /* Frameworks */ = {
			isa = PBXFrameworksBuildPhase;
			buildActionMask = 2147483647;
			files = (
				D516F8DA24182CD400992463 /* libDomain.a in Frameworks */,
			);
			runOnlyForDeploymentPostprocessing = 0;
		};
		D516F8E12418CBCB00992463 /* Frameworks */ = {
			isa = PBXFrameworksBuildPhase;
			buildActionMask = 2147483647;
			files = (
				D516F8EF2418CBD900992463 /* libData.a in Frameworks */,
				D516F8F02418CBD900992463 /* libDomain.a in Frameworks */,
			);
			runOnlyForDeploymentPostprocessing = 0;
		};
/* End PBXFrameworksBuildPhase section */

/* Begin PBXGroup section */
		D516F80D2417FF3500992463 = {
			isa = PBXGroup;
			children = (
				D516F8182417FF3500992463 /* OpenMarvel */,
				D516F8342417FF3800992463 /* OpenMarvelTests */,
				D516F83F2417FF3800992463 /* OpenMarvelUITests */,
				D516F8532417FFDC00992463 /* Data */,
				D516F85E2417FFEF00992463 /* Domain */,
				D516F87D241811D200992463 /* Mock */,
				D516F8C724182CBE00992463 /* DataTests */,
				D516F8D624182CD400992463 /* DomainTests */,
				D516F8E52418CBCB00992463 /* Injector */,
				D516F8172417FF3500992463 /* Products */,
				D516F8642418003F00992463 /* Frameworks */,
			);
			sourceTree = "<group>";
		};
		D516F8172417FF3500992463 /* Products */ = {
			isa = PBXGroup;
			children = (
				D516F8162417FF3500992463 /* OpenMarvel.app */,
				D516F8312417FF3800992463 /* OpenMarvelTests.xctest */,
				D516F83C2417FF3800992463 /* OpenMarvelUITests.xctest */,
				D516F8522417FFDC00992463 /* libData.a */,
				D516F85D2417FFEF00992463 /* libDomain.a */,
				D516F87C241811D200992463 /* Mock.bundle */,
				D516F8C624182CBE00992463 /* DataTests.xctest */,
				D516F8D524182CD400992463 /* DomainTests.xctest */,
				D516F8E42418CBCB00992463 /* libInjector.a */,
			);
			name = Products;
			sourceTree = "<group>";
		};
		D516F8182417FF3500992463 /* OpenMarvel */ = {
			isa = PBXGroup;
			children = (
				D516F89A2418249400992463 /* Presenters */,
				D516F89F2418249400992463 /* Views */,
				D516F8A02418249400992463 /* ViewControllers */,
				D52869542418E8DA009DEAA5 /* Resources */,
				D516F89B2418249400992463 /* Supporting Files */,
			);
			path = OpenMarvel;
			sourceTree = "<group>";
		};
		D516F8342417FF3800992463 /* OpenMarvelTests */ = {
			isa = PBXGroup;
			children = (
				D516F8352417FF3800992463 /* OpenMarvelTests.swift */,
				D516F8372417FF3800992463 /* Info.plist */,
			);
			path = OpenMarvelTests;
			sourceTree = "<group>";
		};
		D516F83F2417FF3800992463 /* OpenMarvelUITests */ = {
			isa = PBXGroup;
			children = (
				D516F8402417FF3800992463 /* OpenMarvelUITests.swift */,
				D516F8422417FF3800992463 /* Info.plist */,
			);
			path = OpenMarvelUITests;
			sourceTree = "<group>";
		};
		D516F8532417FFDC00992463 /* Data */ = {
			isa = PBXGroup;
			children = (
				D516F8AD241824A300992463 /* Entities */,
				D516F8AB241824A300992463 /* Providers */,
				D516F8A8241824A300992463 /* Services */,
			);
			path = Data;
			sourceTree = "<group>";
		};
		D516F85E2417FFEF00992463 /* Domain */ = {
			isa = PBXGroup;
			children = (
				D516F8BC241824AE00992463 /* Contracts */,
				D516F8B9241824AE00992463 /* Models */,
				D516F8B7241824AE00992463 /* UseCases */,
			);
			path = Domain;
			sourceTree = "<group>";
		};
		D516F8642418003F00992463 /* Frameworks */ = {
			isa = PBXGroup;
			children = (
			);
			name = Frameworks;
			sourceTree = "<group>";
		};
		D516F87D241811D200992463 /* Mock */ = {
			isa = PBXGroup;
			children = (
				D516F882241811F000992463 /* character.json */,
				D516F87E241811D200992463 /* Info.plist */,
			);
			path = Mock;
			sourceTree = "<group>";
		};
		D516F89A2418249400992463 /* Presenters */ = {
			isa = PBXGroup;
			children = (
				D516F8FA2418D2D200992463 /* Presenter.swift */,
				D516F8F42418CCE300992463 /* CharactersPresenter.swift */,
				D516F8F62418CCF500992463 /* CharacterPresenter.swift */,
			);
			path = Presenters;
			sourceTree = "<group>";
		};
		D516F89B2418249400992463 /* Supporting Files */ = {
			isa = PBXGroup;
			children = (
				D516F89C2418249400992463 /* AppDelegate.swift */,
				D516F89E2418249400992463 /* SceneDelegate.swift */,
				D516F89D2418249400992463 /* Info.plist */,
			);
			path = "Supporting Files";
			sourceTree = "<group>";
		};
		D516F89F2418249400992463 /* Views */ = {
			isa = PBXGroup;
			children = (
				D516F8F82418CF2700992463 /* ViewModel.swift */,
				D516F8FC2418D4AD00992463 /* CharactersView.swift */,
				D516F8FE2418D51000992463 /* CharacterView.swift */,
				D51AD9F02419218B0069EC07 /* CharacterCell.swift */,
			);
			path = Views;
			sourceTree = "<group>";
		};
		D516F8A02418249400992463 /* ViewControllers */ = {
			isa = PBXGroup;
			children = (
				D52869522418E6F5009DEAA5 /* ViewController.swift */,
				D516F8A22418249400992463 /* CharactersViewController.swift */,
				D516F8A12418249400992463 /* CharacterViewController.swift */,
			);
			path = ViewControllers;
			sourceTree = "<group>";
		};
		D516F8A8241824A300992463 /* Services */ = {
			isa = PBXGroup;
			children = (
				D516F8A9241824A300992463 /* Service.swift */,
				D516F8AA241824A300992463 /* CharactersService.swift */,
			);
			path = Services;
			sourceTree = "<group>";
		};
		D516F8AB241824A300992463 /* Providers */ = {
			isa = PBXGroup;
			children = (
				D516F8AC241824A300992463 /* CharactersProvider.swift */,
			);
			path = Providers;
			sourceTree = "<group>";
		};
		D516F8AD241824A300992463 /* Entities */ = {
			isa = PBXGroup;
			children = (
				D516F8B0241824A300992463 /* DomainTransformable.swift */,
				D516F8AE241824A300992463 /* Entity.swift */,
				D52869612418F0D9009DEAA5 /* AuthenticationEntity.swift */,
				D528695D2418EA4B009DEAA5 /* ResponseEntity.swift */,
				D51AD9EE241908120069EC07 /* ErrorEntity.swift */,
				D528695F2418EAC6009DEAA5 /* DataEntity.swift */,
				D516F8AF241824A300992463 /* CharacterEntity.swift */,
				D52869632418FA5E009DEAA5 /* ThumbnailEntity.swift */,
				D52869652418FB37009DEAA5 /* URLEntity.swift */,
			);
			path = Entities;
			sourceTree = "<group>";
		};
		D516F8B7241824AE00992463 /* UseCases */ = {
			isa = PBXGroup;
			children = (
				D516F8B8241824AE00992463 /* CharactersUseCase.swift */,
			);
			path = UseCases;
			sourceTree = "<group>";
		};
		D516F8B9241824AE00992463 /* Models */ = {
			isa = PBXGroup;
			children = (
				D516F8BA241824AE00992463 /* Order.swift */,
				D516F8BB241824AE00992463 /* Character.swift */,
			);
			path = Models;
			sourceTree = "<group>";
		};
		D516F8BC241824AE00992463 /* Contracts */ = {
			isa = PBXGroup;
			children = (
				D516F8BD241824AE00992463 /* CharactersProviderContract.swift */,
			);
			path = Contracts;
			sourceTree = "<group>";
		};
		D516F8C724182CBE00992463 /* DataTests */ = {
			isa = PBXGroup;
			children = (
				D516F8C824182CBE00992463 /* DataTests.swift */,
				D516F8CA24182CBE00992463 /* Info.plist */,
			);
			path = DataTests;
			sourceTree = "<group>";
		};
		D516F8D624182CD400992463 /* DomainTests */ = {
			isa = PBXGroup;
			children = (
				D516F8D724182CD400992463 /* DomainTests.swift */,
				D516F8D924182CD400992463 /* Info.plist */,
			);
			path = DomainTests;
			sourceTree = "<group>";
		};
		D516F8E52418CBCB00992463 /* Injector */ = {
			isa = PBXGroup;
			children = (
				D516F8E62418CBCB00992463 /* Injector.swift */,
			);
			path = Injector;
			sourceTree = "<group>";
		};
		D52869542418E8DA009DEAA5 /* Resources */ = {
			isa = PBXGroup;
			children = (
				D52869552418E8DA009DEAA5 /* Assets.xcassets */,
				D52869562418E8DA009DEAA5 /* LaunchScreen.storyboard */,
				D52869582418E8DA009DEAA5 /* Main.storyboard */,
			);
			path = Resources;
			sourceTree = "<group>";
		};
/* End PBXGroup section */

/* Begin PBXNativeTarget section */
		D516F8152417FF3500992463 /* OpenMarvel */ = {
			isa = PBXNativeTarget;
			buildConfigurationList = D516F8452417FF3800992463 /* Build configuration list for PBXNativeTarget "OpenMarvel" */;
			buildPhases = (
				D516F8122417FF3500992463 /* Sources */,
				D516F8132417FF3500992463 /* Frameworks */,
				D516F8142417FF3500992463 /* Resources */,
			);
			buildRules = (
			);
			dependencies = (
				D516F8F22418CBE300992463 /* PBXTargetDependency */,
				D516F86C241800A700992463 /* PBXTargetDependency */,
			);
			name = OpenMarvel;
			packageProductDependencies = (
				D51AD9F5241935BF0069EC07 /* Kingfisher */,
			);
			productName = OpenMarvel;
			productReference = D516F8162417FF3500992463 /* OpenMarvel.app */;
			productType = "com.apple.product-type.application";
		};
		D516F8302417FF3800992463 /* OpenMarvelTests */ = {
			isa = PBXNativeTarget;
			buildConfigurationList = D516F8482417FF3800992463 /* Build configuration list for PBXNativeTarget "OpenMarvelTests" */;
			buildPhases = (
				D516F82D2417FF3800992463 /* Sources */,
				D516F82E2417FF3800992463 /* Frameworks */,
				D516F82F2417FF3800992463 /* Resources */,
			);
			buildRules = (
			);
			dependencies = (
				D516F8332417FF3800992463 /* PBXTargetDependency */,
			);
			name = OpenMarvelTests;
			productName = OpenMarvelTests;
			productReference = D516F8312417FF3800992463 /* OpenMarvelTests.xctest */;
			productType = "com.apple.product-type.bundle.unit-test";
		};
		D516F83B2417FF3800992463 /* OpenMarvelUITests */ = {
			isa = PBXNativeTarget;
			buildConfigurationList = D516F84B2417FF3800992463 /* Build configuration list for PBXNativeTarget "OpenMarvelUITests" */;
			buildPhases = (
				D516F8382417FF3800992463 /* Sources */,
				D516F8392417FF3800992463 /* Frameworks */,
				D516F83A2417FF3800992463 /* Resources */,
			);
			buildRules = (
			);
			dependencies = (
				D516F83E2417FF3800992463 /* PBXTargetDependency */,
			);
			name = OpenMarvelUITests;
			productName = OpenMarvelUITests;
			productReference = D516F83C2417FF3800992463 /* OpenMarvelUITests.xctest */;
			productType = "com.apple.product-type.bundle.ui-testing";
		};
		D516F8512417FFDC00992463 /* Data */ = {
			isa = PBXNativeTarget;
			buildConfigurationList = D516F8562417FFDC00992463 /* Build configuration list for PBXNativeTarget "Data" */;
			buildPhases = (
				D516F84E2417FFDC00992463 /* Sources */,
				D516F84F2417FFDC00992463 /* Frameworks */,
				D516F8502417FFDC00992463 /* CopyFiles */,
			);
			buildRules = (
			);
			dependencies = (
				D516F8872418121200992463 /* PBXTargetDependency */,
				D516F8682418006200992463 /* PBXTargetDependency */,
			);
			name = Data;
			packageProductDependencies = (
				D516F872241805D800992463 /* Moya */,
			);
			productName = Data;
			productReference = D516F8522417FFDC00992463 /* libData.a */;
			productType = "com.apple.product-type.library.static";
		};
		D516F85C2417FFEF00992463 /* Domain */ = {
			isa = PBXNativeTarget;
			buildConfigurationList = D516F8612417FFEF00992463 /* Build configuration list for PBXNativeTarget "Domain" */;
			buildPhases = (
				D516F8592417FFEF00992463 /* Sources */,
				D516F85A2417FFEF00992463 /* Frameworks */,
				D516F85B2417FFEF00992463 /* CopyFiles */,
			);
			buildRules = (
			);
			dependencies = (
			);
			name = Domain;
			productName = Domain;
			productReference = D516F85D2417FFEF00992463 /* libDomain.a */;
			productType = "com.apple.product-type.library.static";
		};
		D516F87B241811D200992463 /* Mock */ = {
			isa = PBXNativeTarget;
			buildConfigurationList = D516F87F241811D200992463 /* Build configuration list for PBXNativeTarget "Mock" */;
			buildPhases = (
				D516F878241811D200992463 /* Sources */,
				D516F879241811D200992463 /* Frameworks */,
				D516F87A241811D200992463 /* Resources */,
			);
			buildRules = (
			);
			dependencies = (
			);
			name = Mock;
			productName = Mock;
			productReference = D516F87C241811D200992463 /* Mock.bundle */;
			productType = "com.apple.product-type.bundle";
		};
		D516F8C524182CBE00992463 /* DataTests */ = {
			isa = PBXNativeTarget;
			buildConfigurationList = D516F8CE24182CBE00992463 /* Build configuration list for PBXNativeTarget "DataTests" */;
			buildPhases = (
				D516F8C224182CBE00992463 /* Sources */,
				D516F8C324182CBE00992463 /* Frameworks */,
				D516F8C424182CBE00992463 /* Resources */,
			);
			buildRules = (
			);
			dependencies = (
				D516F8CD24182CBE00992463 /* PBXTargetDependency */,
			);
			name = DataTests;
			productName = DataTests;
			productReference = D516F8C624182CBE00992463 /* DataTests.xctest */;
			productType = "com.apple.product-type.bundle.unit-test";
		};
		D516F8D424182CD400992463 /* DomainTests */ = {
			isa = PBXNativeTarget;
			buildConfigurationList = D516F8DD24182CD400992463 /* Build configuration list for PBXNativeTarget "DomainTests" */;
			buildPhases = (
				D516F8D124182CD400992463 /* Sources */,
				D516F8D224182CD400992463 /* Frameworks */,
				D516F8D324182CD400992463 /* Resources */,
			);
			buildRules = (
			);
			dependencies = (
				D516F8DC24182CD400992463 /* PBXTargetDependency */,
			);
			name = DomainTests;
			productName = DomainTests;
			productReference = D516F8D524182CD400992463 /* DomainTests.xctest */;
			productType = "com.apple.product-type.bundle.unit-test";
		};
		D516F8E32418CBCB00992463 /* Injector */ = {
			isa = PBXNativeTarget;
			buildConfigurationList = D516F8EA2418CBCB00992463 /* Build configuration list for PBXNativeTarget "Injector" */;
			buildPhases = (
				D516F8E02418CBCB00992463 /* Sources */,
				D516F8E12418CBCB00992463 /* Frameworks */,
				D516F8E22418CBCB00992463 /* CopyFiles */,
			);
			buildRules = (
			);
			dependencies = (
				D516F8EC2418CBD300992463 /* PBXTargetDependency */,
				D516F8EE2418CBD300992463 /* PBXTargetDependency */,
			);
			name = Injector;
			productName = Injector;
			productReference = D516F8E42418CBCB00992463 /* libInjector.a */;
			productType = "com.apple.product-type.library.static";
		};
/* End PBXNativeTarget section */

/* Begin PBXProject section */
		D516F80E2417FF3500992463 /* Project object */ = {
			isa = PBXProject;
			attributes = {
				LastSwiftUpdateCheck = 1130;
				LastUpgradeCheck = 1130;
				ORGANIZATIONNAME = alexruperez;
				TargetAttributes = {
					D516F8152417FF3500992463 = {
						CreatedOnToolsVersion = 11.3.1;
					};
					D516F8302417FF3800992463 = {
						CreatedOnToolsVersion = 11.3.1;
						TestTargetID = D516F8152417FF3500992463;
					};
					D516F83B2417FF3800992463 = {
						CreatedOnToolsVersion = 11.3.1;
						TestTargetID = D516F8152417FF3500992463;
					};
					D516F8512417FFDC00992463 = {
						CreatedOnToolsVersion = 11.3.1;
					};
					D516F85C2417FFEF00992463 = {
						CreatedOnToolsVersion = 11.3.1;
					};
					D516F87B241811D200992463 = {
						CreatedOnToolsVersion = 11.3.1;
					};
					D516F8C524182CBE00992463 = {
						CreatedOnToolsVersion = 11.3.1;
					};
					D516F8D424182CD400992463 = {
						CreatedOnToolsVersion = 11.3.1;
					};
					D516F8E32418CBCB00992463 = {
						CreatedOnToolsVersion = 11.3.1;
					};
				};
			};
			buildConfigurationList = D516F8112417FF3500992463 /* Build configuration list for PBXProject "OpenMarvel" */;
			compatibilityVersion = "Xcode 9.3";
			developmentRegion = en;
			hasScannedForEncodings = 0;
			knownRegions = (
				en,
				Base,
			);
			mainGroup = D516F80D2417FF3500992463;
			packageReferences = (
				D516F871241805D800992463 /* XCRemoteSwiftPackageReference "Moya" */,
				D51AD9F4241935BF0069EC07 /* XCRemoteSwiftPackageReference "Kingfisher" */,
			);
			productRefGroup = D516F8172417FF3500992463 /* Products */;
			projectDirPath = "";
			projectRoot = "";
			targets = (
				D516F8152417FF3500992463 /* OpenMarvel */,
				D516F8302417FF3800992463 /* OpenMarvelTests */,
				D516F83B2417FF3800992463 /* OpenMarvelUITests */,
				D516F8512417FFDC00992463 /* Data */,
				D516F8C524182CBE00992463 /* DataTests */,
				D516F87B241811D200992463 /* Mock */,
				D516F85C2417FFEF00992463 /* Domain */,
				D516F8D424182CD400992463 /* DomainTests */,
				D516F8E32418CBCB00992463 /* Injector */,
			);
		};
/* End PBXProject section */

/* Begin PBXResourcesBuildPhase section */
		D516F8142417FF3500992463 /* Resources */ = {
			isa = PBXResourcesBuildPhase;
			buildActionMask = 2147483647;
			files = (
				D528695C2418E8DA009DEAA5 /* Main.storyboard in Resources */,
				D528695A2418E8DA009DEAA5 /* Assets.xcassets in Resources */,
				D528695B2418E8DA009DEAA5 /* LaunchScreen.storyboard in Resources */,
			);
			runOnlyForDeploymentPostprocessing = 0;
		};
		D516F82F2417FF3800992463 /* Resources */ = {
			isa = PBXResourcesBuildPhase;
			buildActionMask = 2147483647;
			files = (
			);
			runOnlyForDeploymentPostprocessing = 0;
		};
		D516F83A2417FF3800992463 /* Resources */ = {
			isa = PBXResourcesBuildPhase;
			buildActionMask = 2147483647;
			files = (
			);
			runOnlyForDeploymentPostprocessing = 0;
		};
		D516F87A241811D200992463 /* Resources */ = {
			isa = PBXResourcesBuildPhase;
			buildActionMask = 2147483647;
			files = (
				D516F884241811F100992463 /* character.json in Resources */,
			);
			runOnlyForDeploymentPostprocessing = 0;
		};
		D516F8C424182CBE00992463 /* Resources */ = {
			isa = PBXResourcesBuildPhase;
			buildActionMask = 2147483647;
			files = (
			);
			runOnlyForDeploymentPostprocessing = 0;
		};
		D516F8D324182CD400992463 /* Resources */ = {
			isa = PBXResourcesBuildPhase;
			buildActionMask = 2147483647;
			files = (
			);
			runOnlyForDeploymentPostprocessing = 0;
		};
/* End PBXResourcesBuildPhase section */

/* Begin PBXSourcesBuildPhase section */
		D516F8122417FF3500992463 /* Sources */ = {
			isa = PBXSourcesBuildPhase;
			buildActionMask = 2147483647;
			files = (
				D516F8F72418CCF500992463 /* CharacterPresenter.swift in Sources */,
				D516F8A72418249400992463 /* CharactersViewController.swift in Sources */,
				D516F8FF2418D51000992463 /* CharacterView.swift in Sources */,
				D51AD9F22419218B0069EC07 /* CharacterCell.swift in Sources */,
				D516F8FB2418D2D200992463 /* Presenter.swift in Sources */,
				D52869532418E6F5009DEAA5 /* ViewController.swift in Sources */,
				D516F8F52418CCE300992463 /* CharactersPresenter.swift in Sources */,
				D516F8A32418249400992463 /* AppDelegate.swift in Sources */,
				D516F8FD2418D4AD00992463 /* CharactersView.swift in Sources */,
				D516F8A52418249400992463 /* SceneDelegate.swift in Sources */,
				D516F8A62418249400992463 /* CharacterViewController.swift in Sources */,
				D516F8F92418CF2700992463 /* ViewModel.swift in Sources */,
			);
			runOnlyForDeploymentPostprocessing = 0;
		};
		D516F82D2417FF3800992463 /* Sources */ = {
			isa = PBXSourcesBuildPhase;
			buildActionMask = 2147483647;
			files = (
				D516F8362417FF3800992463 /* OpenMarvelTests.swift in Sources */,
			);
			runOnlyForDeploymentPostprocessing = 0;
		};
		D516F8382417FF3800992463 /* Sources */ = {
			isa = PBXSourcesBuildPhase;
			buildActionMask = 2147483647;
			files = (
				D516F8412417FF3800992463 /* OpenMarvelUITests.swift in Sources */,
			);
			runOnlyForDeploymentPostprocessing = 0;
		};
		D516F84E2417FFDC00992463 /* Sources */ = {
			isa = PBXSourcesBuildPhase;
			buildActionMask = 2147483647;
			files = (
				D516F8B5241824A300992463 /* CharacterEntity.swift in Sources */,
				D516F8B4241824A300992463 /* Entity.swift in Sources */,
				D52869662418FB37009DEAA5 /* URLEntity.swift in Sources */,
				D52869602418EAC6009DEAA5 /* DataEntity.swift in Sources */,
				D52869622418F0D9009DEAA5 /* AuthenticationEntity.swift in Sources */,
				D516F8B6241824A300992463 /* DomainTransformable.swift in Sources */,
				D516F8B1241824A300992463 /* Service.swift in Sources */,
				D528695E2418EA4B009DEAA5 /* ResponseEntity.swift in Sources */,
				D52869642418FA5E009DEAA5 /* ThumbnailEntity.swift in Sources */,
				D516F8B3241824A300992463 /* CharactersProvider.swift in Sources */,
				D516F8B2241824A300992463 /* CharactersService.swift in Sources */,
				D51AD9EF241908120069EC07 /* ErrorEntity.swift in Sources */,
			);
			runOnlyForDeploymentPostprocessing = 0;
		};
		D516F8592417FFEF00992463 /* Sources */ = {
			isa = PBXSourcesBuildPhase;
			buildActionMask = 2147483647;
			files = (
				D516F8C1241824AE00992463 /* CharactersProviderContract.swift in Sources */,
				D516F8C0241824AE00992463 /* Character.swift in Sources */,
				D516F8BF241824AE00992463 /* Order.swift in Sources */,
				D516F8BE241824AE00992463 /* CharactersUseCase.swift in Sources */,
			);
			runOnlyForDeploymentPostprocessing = 0;
		};
		D516F878241811D200992463 /* Sources */ = {
			isa = PBXSourcesBuildPhase;
			buildActionMask = 2147483647;
			files = (
			);
			runOnlyForDeploymentPostprocessing = 0;
		};
		D516F8C224182CBE00992463 /* Sources */ = {
			isa = PBXSourcesBuildPhase;
			buildActionMask = 2147483647;
			files = (
				D516F8C924182CBE00992463 /* DataTests.swift in Sources */,
			);
			runOnlyForDeploymentPostprocessing = 0;
		};
		D516F8D124182CD400992463 /* Sources */ = {
			isa = PBXSourcesBuildPhase;
			buildActionMask = 2147483647;
			files = (
				D516F8D824182CD400992463 /* DomainTests.swift in Sources */,
			);
			runOnlyForDeploymentPostprocessing = 0;
		};
		D516F8E02418CBCB00992463 /* Sources */ = {
			isa = PBXSourcesBuildPhase;
			buildActionMask = 2147483647;
			files = (
				D516F8E72418CBCB00992463 /* Injector.swift in Sources */,
			);
			runOnlyForDeploymentPostprocessing = 0;
		};
/* End PBXSourcesBuildPhase section */

/* Begin PBXTargetDependency section */
		D516F8332417FF3800992463 /* PBXTargetDependency */ = {
			isa = PBXTargetDependency;
			target = D516F8152417FF3500992463 /* OpenMarvel */;
			targetProxy = D516F8322417FF3800992463 /* PBXContainerItemProxy */;
		};
		D516F83E2417FF3800992463 /* PBXTargetDependency */ = {
			isa = PBXTargetDependency;
			target = D516F8152417FF3500992463 /* OpenMarvel */;
			targetProxy = D516F83D2417FF3800992463 /* PBXContainerItemProxy */;
		};
		D516F8682418006200992463 /* PBXTargetDependency */ = {
			isa = PBXTargetDependency;
			target = D516F85C2417FFEF00992463 /* Domain */;
			targetProxy = D516F8672418006200992463 /* PBXContainerItemProxy */;
		};
		D516F86C241800A700992463 /* PBXTargetDependency */ = {
			isa = PBXTargetDependency;
			target = D516F85C2417FFEF00992463 /* Domain */;
			targetProxy = D516F86B241800A700992463 /* PBXContainerItemProxy */;
		};
		D516F8872418121200992463 /* PBXTargetDependency */ = {
			isa = PBXTargetDependency;
			target = D516F87B241811D200992463 /* Mock */;
			targetProxy = D516F8862418121200992463 /* PBXContainerItemProxy */;
		};
		D516F8CD24182CBE00992463 /* PBXTargetDependency */ = {
			isa = PBXTargetDependency;
			target = D516F8512417FFDC00992463 /* Data */;
			targetProxy = D516F8CC24182CBE00992463 /* PBXContainerItemProxy */;
		};
		D516F8DC24182CD400992463 /* PBXTargetDependency */ = {
			isa = PBXTargetDependency;
			target = D516F85C2417FFEF00992463 /* Domain */;
			targetProxy = D516F8DB24182CD400992463 /* PBXContainerItemProxy */;
		};
		D516F8EC2418CBD300992463 /* PBXTargetDependency */ = {
			isa = PBXTargetDependency;
			target = D516F8512417FFDC00992463 /* Data */;
			targetProxy = D516F8EB2418CBD300992463 /* PBXContainerItemProxy */;
		};
		D516F8EE2418CBD300992463 /* PBXTargetDependency */ = {
			isa = PBXTargetDependency;
			target = D516F85C2417FFEF00992463 /* Domain */;
			targetProxy = D516F8ED2418CBD300992463 /* PBXContainerItemProxy */;
		};
		D516F8F22418CBE300992463 /* PBXTargetDependency */ = {
			isa = PBXTargetDependency;
			target = D516F8E32418CBCB00992463 /* Injector */;
			targetProxy = D516F8F12418CBE300992463 /* PBXContainerItemProxy */;
		};
/* End PBXTargetDependency section */

/* Begin PBXVariantGroup section */
		D52869562418E8DA009DEAA5 /* LaunchScreen.storyboard */ = {
			isa = PBXVariantGroup;
			children = (
				D52869572418E8DA009DEAA5 /* Base */,
			);
			name = LaunchScreen.storyboard;
			sourceTree = "<group>";
		};
		D52869582418E8DA009DEAA5 /* Main.storyboard */ = {
			isa = PBXVariantGroup;
			children = (
				D52869592418E8DA009DEAA5 /* Base */,
			);
			name = Main.storyboard;
			sourceTree = "<group>";
		};
/* End PBXVariantGroup section */

/* Begin XCBuildConfiguration section */
		D516F8432417FF3800992463 /* Debug */ = {
			isa = XCBuildConfiguration;
			buildSettings = {
				ALWAYS_SEARCH_USER_PATHS = NO;
				CLANG_ANALYZER_NONNULL = YES;
				CLANG_ANALYZER_NUMBER_OBJECT_CONVERSION = YES_AGGRESSIVE;
				CLANG_CXX_LANGUAGE_STANDARD = "gnu++14";
				CLANG_CXX_LIBRARY = "libc++";
				CLANG_ENABLE_MODULES = YES;
				CLANG_ENABLE_OBJC_ARC = YES;
				CLANG_ENABLE_OBJC_WEAK = YES;
				CLANG_WARN_BLOCK_CAPTURE_AUTORELEASING = YES;
				CLANG_WARN_BOOL_CONVERSION = YES;
				CLANG_WARN_COMMA = YES;
				CLANG_WARN_CONSTANT_CONVERSION = YES;
				CLANG_WARN_DEPRECATED_OBJC_IMPLEMENTATIONS = YES;
				CLANG_WARN_DIRECT_OBJC_ISA_USAGE = YES_ERROR;
				CLANG_WARN_DOCUMENTATION_COMMENTS = YES;
				CLANG_WARN_EMPTY_BODY = YES;
				CLANG_WARN_ENUM_CONVERSION = YES;
				CLANG_WARN_INFINITE_RECURSION = YES;
				CLANG_WARN_INT_CONVERSION = YES;
				CLANG_WARN_NON_LITERAL_NULL_CONVERSION = YES;
				CLANG_WARN_OBJC_IMPLICIT_RETAIN_SELF = YES;
				CLANG_WARN_OBJC_LITERAL_CONVERSION = YES;
				CLANG_WARN_OBJC_ROOT_CLASS = YES_ERROR;
				CLANG_WARN_RANGE_LOOP_ANALYSIS = YES;
				CLANG_WARN_STRICT_PROTOTYPES = YES;
				CLANG_WARN_SUSPICIOUS_MOVE = YES;
				CLANG_WARN_UNGUARDED_AVAILABILITY = YES_AGGRESSIVE;
				CLANG_WARN_UNREACHABLE_CODE = YES;
				CLANG_WARN__DUPLICATE_METHOD_MATCH = YES;
				COPY_PHASE_STRIP = NO;
				DEBUG_INFORMATION_FORMAT = dwarf;
				DERIVE_MACCATALYST_PRODUCT_BUNDLE_IDENTIFIER = YES;
				DEVELOPMENT_TEAM = Q6BEQCNWYM;
				ENABLE_STRICT_OBJC_MSGSEND = YES;
				ENABLE_TESTABILITY = YES;
				GCC_C_LANGUAGE_STANDARD = gnu11;
				GCC_DYNAMIC_NO_PIC = NO;
				GCC_NO_COMMON_BLOCKS = YES;
				GCC_OPTIMIZATION_LEVEL = 0;
				GCC_PREPROCESSOR_DEFINITIONS = (
					"DEBUG=1",
					"$(inherited)",
				);
				GCC_WARN_64_TO_32_BIT_CONVERSION = YES;
				GCC_WARN_ABOUT_RETURN_TYPE = YES_ERROR;
				GCC_WARN_UNDECLARED_SELECTOR = YES;
				GCC_WARN_UNINITIALIZED_AUTOS = YES_AGGRESSIVE;
				GCC_WARN_UNUSED_FUNCTION = YES;
				GCC_WARN_UNUSED_VARIABLE = YES;
				IPHONEOS_DEPLOYMENT_TARGET = 13.0;
				MACOSX_DEPLOYMENT_TARGET = 10.15;
				MTL_ENABLE_DEBUG_INFO = INCLUDE_SOURCE;
				MTL_FAST_MATH = YES;
				ONLY_ACTIVE_ARCH = YES;
				SDKROOT = iphoneos;
				SUPPORTS_MACCATALYST = YES;
				SWIFT_ACTIVE_COMPILATION_CONDITIONS = DEBUG;
				SWIFT_OPTIMIZATION_LEVEL = "-Onone";
				SWIFT_VERSION = 5.0;
				TARGETED_DEVICE_FAMILY = "1,2";
				TVOS_DEPLOYMENT_TARGET = 13.0;
				WATCHOS_DEPLOYMENT_TARGET = 6.0;
			};
			name = Debug;
		};
		D516F8442417FF3800992463 /* Release */ = {
			isa = XCBuildConfiguration;
			buildSettings = {
				ALWAYS_SEARCH_USER_PATHS = NO;
				CLANG_ANALYZER_NONNULL = YES;
				CLANG_ANALYZER_NUMBER_OBJECT_CONVERSION = YES_AGGRESSIVE;
				CLANG_CXX_LANGUAGE_STANDARD = "gnu++14";
				CLANG_CXX_LIBRARY = "libc++";
				CLANG_ENABLE_MODULES = YES;
				CLANG_ENABLE_OBJC_ARC = YES;
				CLANG_ENABLE_OBJC_WEAK = YES;
				CLANG_WARN_BLOCK_CAPTURE_AUTORELEASING = YES;
				CLANG_WARN_BOOL_CONVERSION = YES;
				CLANG_WARN_COMMA = YES;
				CLANG_WARN_CONSTANT_CONVERSION = YES;
				CLANG_WARN_DEPRECATED_OBJC_IMPLEMENTATIONS = YES;
				CLANG_WARN_DIRECT_OBJC_ISA_USAGE = YES_ERROR;
				CLANG_WARN_DOCUMENTATION_COMMENTS = YES;
				CLANG_WARN_EMPTY_BODY = YES;
				CLANG_WARN_ENUM_CONVERSION = YES;
				CLANG_WARN_INFINITE_RECURSION = YES;
				CLANG_WARN_INT_CONVERSION = YES;
				CLANG_WARN_NON_LITERAL_NULL_CONVERSION = YES;
				CLANG_WARN_OBJC_IMPLICIT_RETAIN_SELF = YES;
				CLANG_WARN_OBJC_LITERAL_CONVERSION = YES;
				CLANG_WARN_OBJC_ROOT_CLASS = YES_ERROR;
				CLANG_WARN_RANGE_LOOP_ANALYSIS = YES;
				CLANG_WARN_STRICT_PROTOTYPES = YES;
				CLANG_WARN_SUSPICIOUS_MOVE = YES;
				CLANG_WARN_UNGUARDED_AVAILABILITY = YES_AGGRESSIVE;
				CLANG_WARN_UNREACHABLE_CODE = YES;
				CLANG_WARN__DUPLICATE_METHOD_MATCH = YES;
				COPY_PHASE_STRIP = NO;
				DEBUG_INFORMATION_FORMAT = "dwarf-with-dsym";
				DERIVE_MACCATALYST_PRODUCT_BUNDLE_IDENTIFIER = YES;
				DEVELOPMENT_TEAM = Q6BEQCNWYM;
				ENABLE_NS_ASSERTIONS = NO;
				ENABLE_STRICT_OBJC_MSGSEND = YES;
				GCC_C_LANGUAGE_STANDARD = gnu11;
				GCC_NO_COMMON_BLOCKS = YES;
				GCC_WARN_64_TO_32_BIT_CONVERSION = YES;
				GCC_WARN_ABOUT_RETURN_TYPE = YES_ERROR;
				GCC_WARN_UNDECLARED_SELECTOR = YES;
				GCC_WARN_UNINITIALIZED_AUTOS = YES_AGGRESSIVE;
				GCC_WARN_UNUSED_FUNCTION = YES;
				GCC_WARN_UNUSED_VARIABLE = YES;
				IPHONEOS_DEPLOYMENT_TARGET = 13.0;
				MACOSX_DEPLOYMENT_TARGET = 10.15;
				MTL_ENABLE_DEBUG_INFO = NO;
				MTL_FAST_MATH = YES;
				SDKROOT = iphoneos;
				SUPPORTS_MACCATALYST = YES;
				SWIFT_COMPILATION_MODE = wholemodule;
				SWIFT_OPTIMIZATION_LEVEL = "-O";
				SWIFT_VERSION = 5.0;
				TARGETED_DEVICE_FAMILY = "1,2";
				TVOS_DEPLOYMENT_TARGET = 13.0;
				VALIDATE_PRODUCT = YES;
				WATCHOS_DEPLOYMENT_TARGET = 6.0;
			};
			name = Release;
		};
		D516F8462417FF3800992463 /* Debug */ = {
			isa = XCBuildConfiguration;
			buildSettings = {
				ASSETCATALOG_COMPILER_APPICON_NAME = AppIcon;
				INFOPLIST_FILE = "OpenMarvel/Supporting Files/Info.plist";
				LD_RUNPATH_SEARCH_PATHS = (
					"$(inherited)",
					"@executable_path/Frameworks",
				);
				PRODUCT_BUNDLE_IDENTIFIER = com.alexruperez.OpenMarvel;
				PRODUCT_NAME = "$(TARGET_NAME)";
			};
			name = Debug;
		};
		D516F8472417FF3800992463 /* Release */ = {
			isa = XCBuildConfiguration;
			buildSettings = {
				ASSETCATALOG_COMPILER_APPICON_NAME = AppIcon;
				INFOPLIST_FILE = "OpenMarvel/Supporting Files/Info.plist";
				LD_RUNPATH_SEARCH_PATHS = (
					"$(inherited)",
					"@executable_path/Frameworks",
				);
				PRODUCT_BUNDLE_IDENTIFIER = com.alexruperez.OpenMarvel;
				PRODUCT_NAME = "$(TARGET_NAME)";
			};
			name = Release;
		};
		D516F8492417FF3800992463 /* Debug */ = {
			isa = XCBuildConfiguration;
			buildSettings = {
				ALWAYS_EMBED_SWIFT_STANDARD_LIBRARIES = YES;
				BUNDLE_LOADER = "$(TEST_HOST)";
				INFOPLIST_FILE = OpenMarvelTests/Info.plist;
				LD_RUNPATH_SEARCH_PATHS = (
					"$(inherited)",
					"@executable_path/Frameworks",
					"@loader_path/Frameworks",
				);
				PRODUCT_BUNDLE_IDENTIFIER = com.alexruperez.OpenMarvelTests;
				PRODUCT_NAME = "$(TARGET_NAME)";
				TEST_HOST = "$(BUILT_PRODUCTS_DIR)/OpenMarvel.app/OpenMarvel";
			};
			name = Debug;
		};
		D516F84A2417FF3800992463 /* Release */ = {
			isa = XCBuildConfiguration;
			buildSettings = {
				ALWAYS_EMBED_SWIFT_STANDARD_LIBRARIES = YES;
				BUNDLE_LOADER = "$(TEST_HOST)";
				INFOPLIST_FILE = OpenMarvelTests/Info.plist;
				LD_RUNPATH_SEARCH_PATHS = (
					"$(inherited)",
					"@executable_path/Frameworks",
					"@loader_path/Frameworks",
				);
				PRODUCT_BUNDLE_IDENTIFIER = com.alexruperez.OpenMarvelTests;
				PRODUCT_NAME = "$(TARGET_NAME)";
				TEST_HOST = "$(BUILT_PRODUCTS_DIR)/OpenMarvel.app/OpenMarvel";
			};
			name = Release;
		};
		D516F84C2417FF3800992463 /* Debug */ = {
			isa = XCBuildConfiguration;
			buildSettings = {
				ALWAYS_EMBED_SWIFT_STANDARD_LIBRARIES = YES;
				INFOPLIST_FILE = OpenMarvelUITests/Info.plist;
				LD_RUNPATH_SEARCH_PATHS = (
					"$(inherited)",
					"@executable_path/Frameworks",
					"@loader_path/Frameworks",
				);
				PRODUCT_BUNDLE_IDENTIFIER = com.alexruperez.OpenMarvelUITests;
				PRODUCT_NAME = "$(TARGET_NAME)";
				TEST_TARGET_NAME = OpenMarvel;
			};
			name = Debug;
		};
		D516F84D2417FF3800992463 /* Release */ = {
			isa = XCBuildConfiguration;
			buildSettings = {
				ALWAYS_EMBED_SWIFT_STANDARD_LIBRARIES = YES;
				INFOPLIST_FILE = OpenMarvelUITests/Info.plist;
				LD_RUNPATH_SEARCH_PATHS = (
					"$(inherited)",
					"@executable_path/Frameworks",
					"@loader_path/Frameworks",
				);
				PRODUCT_BUNDLE_IDENTIFIER = com.alexruperez.OpenMarvelUITests;
				PRODUCT_NAME = "$(TARGET_NAME)";
				TEST_TARGET_NAME = OpenMarvel;
			};
			name = Release;
		};
		D516F8572417FFDC00992463 /* Debug */ = {
			isa = XCBuildConfiguration;
			buildSettings = {
				PRODUCT_NAME = "$(TARGET_NAME)";
				SKIP_INSTALL = YES;
			};
			name = Debug;
		};
		D516F8582417FFDC00992463 /* Release */ = {
			isa = XCBuildConfiguration;
			buildSettings = {
				PRODUCT_NAME = "$(TARGET_NAME)";
				SKIP_INSTALL = YES;
			};
			name = Release;
		};
		D516F8622417FFEF00992463 /* Debug */ = {
			isa = XCBuildConfiguration;
			buildSettings = {
				PRODUCT_NAME = "$(TARGET_NAME)";
				SKIP_INSTALL = YES;
			};
			name = Debug;
		};
		D516F8632417FFEF00992463 /* Release */ = {
			isa = XCBuildConfiguration;
			buildSettings = {
				PRODUCT_NAME = "$(TARGET_NAME)";
				SKIP_INSTALL = YES;
			};
			name = Release;
		};
		D516F880241811D200992463 /* Debug */ = {
			isa = XCBuildConfiguration;
			buildSettings = {
				COMBINE_HIDPI_IMAGES = YES;
				INFOPLIST_FILE = Mock/Info.plist;
				INSTALL_PATH = "$(LOCAL_LIBRARY_DIR)/Bundles";
				PRODUCT_BUNDLE_IDENTIFIER = com.alexruperez.Mock;
				PRODUCT_NAME = "$(TARGET_NAME)";
				SKIP_INSTALL = YES;
				WRAPPER_EXTENSION = bundle;
			};
			name = Debug;
		};
		D516F881241811D200992463 /* Release */ = {
			isa = XCBuildConfiguration;
			buildSettings = {
				COMBINE_HIDPI_IMAGES = YES;
				INFOPLIST_FILE = Mock/Info.plist;
				INSTALL_PATH = "$(LOCAL_LIBRARY_DIR)/Bundles";
				PRODUCT_BUNDLE_IDENTIFIER = com.alexruperez.Mock;
				PRODUCT_NAME = "$(TARGET_NAME)";
				SKIP_INSTALL = YES;
				WRAPPER_EXTENSION = bundle;
			};
			name = Release;
		};
		D516F8CF24182CBE00992463 /* Debug */ = {
			isa = XCBuildConfiguration;
			buildSettings = {
				INFOPLIST_FILE = DataTests/Info.plist;
				LD_RUNPATH_SEARCH_PATHS = (
					"$(inherited)",
					"@executable_path/Frameworks",
					"@loader_path/Frameworks",
				);
				PRODUCT_BUNDLE_IDENTIFIER = com.alexruperez.DataTests;
				PRODUCT_NAME = "$(TARGET_NAME)";
			};
			name = Debug;
		};
		D516F8D024182CBE00992463 /* Release */ = {
			isa = XCBuildConfiguration;
			buildSettings = {
				INFOPLIST_FILE = DataTests/Info.plist;
				LD_RUNPATH_SEARCH_PATHS = (
					"$(inherited)",
					"@executable_path/Frameworks",
					"@loader_path/Frameworks",
				);
				PRODUCT_BUNDLE_IDENTIFIER = com.alexruperez.DataTests;
				PRODUCT_NAME = "$(TARGET_NAME)";
			};
			name = Release;
		};
		D516F8DE24182CD400992463 /* Debug */ = {
			isa = XCBuildConfiguration;
			buildSettings = {
				INFOPLIST_FILE = DomainTests/Info.plist;
				LD_RUNPATH_SEARCH_PATHS = (
					"$(inherited)",
					"@executable_path/Frameworks",
					"@loader_path/Frameworks",
				);
				PRODUCT_BUNDLE_IDENTIFIER = com.alexruperez.DomainTests;
				PRODUCT_NAME = "$(TARGET_NAME)";
			};
			name = Debug;
		};
		D516F8DF24182CD400992463 /* Release */ = {
			isa = XCBuildConfiguration;
			buildSettings = {
				INFOPLIST_FILE = DomainTests/Info.plist;
				LD_RUNPATH_SEARCH_PATHS = (
					"$(inherited)",
					"@executable_path/Frameworks",
					"@loader_path/Frameworks",
				);
				PRODUCT_BUNDLE_IDENTIFIER = com.alexruperez.DomainTests;
				PRODUCT_NAME = "$(TARGET_NAME)";
			};
			name = Release;
		};
		D516F8E82418CBCB00992463 /* Debug */ = {
			isa = XCBuildConfiguration;
			buildSettings = {
				PRODUCT_NAME = "$(TARGET_NAME)";
				SKIP_INSTALL = YES;
			};
			name = Debug;
		};
		D516F8E92418CBCB00992463 /* Release */ = {
			isa = XCBuildConfiguration;
			buildSettings = {
				PRODUCT_NAME = "$(TARGET_NAME)";
				SKIP_INSTALL = YES;
			};
			name = Release;
		};
/* End XCBuildConfiguration section */

/* Begin XCConfigurationList section */
		D516F8112417FF3500992463 /* Build configuration list for PBXProject "OpenMarvel" */ = {
			isa = XCConfigurationList;
			buildConfigurations = (
				D516F8432417FF3800992463 /* Debug */,
				D516F8442417FF3800992463 /* Release */,
			);
			defaultConfigurationIsVisible = 0;
			defaultConfigurationName = Release;
		};
		D516F8452417FF3800992463 /* Build configuration list for PBXNativeTarget "OpenMarvel" */ = {
			isa = XCConfigurationList;
			buildConfigurations = (
				D516F8462417FF3800992463 /* Debug */,
				D516F8472417FF3800992463 /* Release */,
			);
			defaultConfigurationIsVisible = 0;
			defaultConfigurationName = Release;
		};
		D516F8482417FF3800992463 /* Build configuration list for PBXNativeTarget "OpenMarvelTests" */ = {
			isa = XCConfigurationList;
			buildConfigurations = (
				D516F8492417FF3800992463 /* Debug */,
				D516F84A2417FF3800992463 /* Release */,
			);
			defaultConfigurationIsVisible = 0;
			defaultConfigurationName = Release;
		};
		D516F84B2417FF3800992463 /* Build configuration list for PBXNativeTarget "OpenMarvelUITests" */ = {
			isa = XCConfigurationList;
			buildConfigurations = (
				D516F84C2417FF3800992463 /* Debug */,
				D516F84D2417FF3800992463 /* Release */,
			);
			defaultConfigurationIsVisible = 0;
			defaultConfigurationName = Release;
		};
		D516F8562417FFDC00992463 /* Build configuration list for PBXNativeTarget "Data" */ = {
			isa = XCConfigurationList;
			buildConfigurations = (
				D516F8572417FFDC00992463 /* Debug */,
				D516F8582417FFDC00992463 /* Release */,
			);
			defaultConfigurationIsVisible = 0;
			defaultConfigurationName = Release;
		};
		D516F8612417FFEF00992463 /* Build configuration list for PBXNativeTarget "Domain" */ = {
			isa = XCConfigurationList;
			buildConfigurations = (
				D516F8622417FFEF00992463 /* Debug */,
				D516F8632417FFEF00992463 /* Release */,
			);
			defaultConfigurationIsVisible = 0;
			defaultConfigurationName = Release;
		};
		D516F87F241811D200992463 /* Build configuration list for PBXNativeTarget "Mock" */ = {
			isa = XCConfigurationList;
			buildConfigurations = (
				D516F880241811D200992463 /* Debug */,
				D516F881241811D200992463 /* Release */,
			);
			defaultConfigurationIsVisible = 0;
			defaultConfigurationName = Release;
		};
		D516F8CE24182CBE00992463 /* Build configuration list for PBXNativeTarget "DataTests" */ = {
			isa = XCConfigurationList;
			buildConfigurations = (
				D516F8CF24182CBE00992463 /* Debug */,
				D516F8D024182CBE00992463 /* Release */,
			);
			defaultConfigurationIsVisible = 0;
			defaultConfigurationName = Release;
		};
		D516F8DD24182CD400992463 /* Build configuration list for PBXNativeTarget "DomainTests" */ = {
			isa = XCConfigurationList;
			buildConfigurations = (
				D516F8DE24182CD400992463 /* Debug */,
				D516F8DF24182CD400992463 /* Release */,
			);
			defaultConfigurationIsVisible = 0;
			defaultConfigurationName = Release;
		};
		D516F8EA2418CBCB00992463 /* Build configuration list for PBXNativeTarget "Injector" */ = {
			isa = XCConfigurationList;
			buildConfigurations = (
				D516F8E82418CBCB00992463 /* Debug */,
				D516F8E92418CBCB00992463 /* Release */,
			);
			defaultConfigurationIsVisible = 0;
			defaultConfigurationName = Release;
		};
/* End XCConfigurationList section */

/* Begin XCRemoteSwiftPackageReference section */
		D516F871241805D800992463 /* XCRemoteSwiftPackageReference "Moya" */ = {
			isa = XCRemoteSwiftPackageReference;
			repositoryURL = "https://github.com/Moya/Moya";
			requirement = {
				kind = upToNextMajorVersion;
				minimumVersion = 14.0.0;
			};
		};
		D51AD9F4241935BF0069EC07 /* XCRemoteSwiftPackageReference "Kingfisher" */ = {
			isa = XCRemoteSwiftPackageReference;
			repositoryURL = "https://github.com/onevcat/Kingfisher";
			requirement = {
				kind = upToNextMajorVersion;
				minimumVersion = 5.13.2;
			};
		};
/* End XCRemoteSwiftPackageReference section */

/* Begin XCSwiftPackageProductDependency section */
		D516F872241805D800992463 /* Moya */ = {
			isa = XCSwiftPackageProductDependency;
			package = D516F871241805D800992463 /* XCRemoteSwiftPackageReference "Moya" */;
			productName = Moya;
		};
		D51AD9F5241935BF0069EC07 /* Kingfisher */ = {
			isa = XCSwiftPackageProductDependency;
			package = D51AD9F4241935BF0069EC07 /* XCRemoteSwiftPackageReference "Kingfisher" */;
			productName = Kingfisher;
		};
/* End XCSwiftPackageProductDependency section */
	};
	rootObject = D516F80E2417FF3500992463 /* Project object */;
}
